// !$*UTF8*$!
{
	archiveVersion = 1;
	classes = {
	};
	objectVersion = 56;
	objects = {

/* Begin PBXBuildFile section */
		CE0348292C61A1F6000CF730 /* CityLocatorView.swift in Sources */ = {isa = PBXBuildFile; fileRef = CE0348282C61A1F6000CF730 /* CityLocatorView.swift */; };
		CE2FFCC42C62CC0200F47127 /* OrientationManager.swift in Sources */ = {isa = PBXBuildFile; fileRef = CE2FFCC32C62CC0200F47127 /* OrientationManager.swift */; };
		CE421D1A2C5AEFAD002178C2 /* CityListView.swift in Sources */ = {isa = PBXBuildFile; fileRef = CE421D192C5AEFAD002178C2 /* CityListView.swift */; };
		CE421D1D2C5AF137002178C2 /* CityDetailView.swift in Sources */ = {isa = PBXBuildFile; fileRef = CE421D1C2C5AF137002178C2 /* CityDetailView.swift */; };
		CE421D1F2C5AF3E0002178C2 /* PreviewDataMock.swift in Sources */ = {isa = PBXBuildFile; fileRef = CE421D1E2C5AF3E0002178C2 /* PreviewDataMock.swift */; };
		CE421D222C5AF95C002178C2 /* CityMapView.swift in Sources */ = {isa = PBXBuildFile; fileRef = CE421D212C5AF95C002178C2 /* CityMapView.swift */; };
		CE421D252C5C3A87002178C2 /* CityGeneralConstants.swift in Sources */ = {isa = PBXBuildFile; fileRef = CE421D242C5C3A87002178C2 /* CityGeneralConstants.swift */; };
		CE4A55A12C59A80A0092B043 /* CityModel.swift in Sources */ = {isa = PBXBuildFile; fileRef = CE4A55A02C59A80A0092B043 /* CityModel.swift */; };
		CE4A55A42C59A9690092B043 /* CityService.swift in Sources */ = {isa = PBXBuildFile; fileRef = CE4A55A32C59A9690092B043 /* CityService.swift */; };
		CE5B34CF2C66B72000A0EDA4 /* CityGenericError.swift in Sources */ = {isa = PBXBuildFile; fileRef = CE5B34CE2C66B72000A0EDA4 /* CityGenericError.swift */; };
		CE70BA452C5A94610036812D /* Constants.swift in Sources */ = {isa = PBXBuildFile; fileRef = CE70BA442C5A94610036812D /* Constants.swift */; };
		CE70BA472C5A96C80036812D /* URLs.swift in Sources */ = {isa = PBXBuildFile; fileRef = CE70BA462C5A96C80036812D /* URLs.swift */; };
		CE70BA4A2C5AB42E0036812D /* CityViewModel.swift in Sources */ = {isa = PBXBuildFile; fileRef = CE70BA492C5AB42E0036812D /* CityViewModel.swift */; };
		CE7AE2912C5D5F4100DBC598 /* citiesDB.json in Resources */ = {isa = PBXBuildFile; fileRef = CE7AE2902C5D5F4100DBC598 /* citiesDB.json */; };
		CE7AE2932C5D667600DBC598 /* CityServiceMock.swift in Sources */ = {isa = PBXBuildFile; fileRef = CE7AE2922C5D667600DBC598 /* CityServiceMock.swift */; };
		CEC898802C6C117300F62E0D /* CityListConstants.swift in Sources */ = {isa = PBXBuildFile; fileRef = CEC8987F2C6C117300F62E0D /* CityListConstants.swift */; };
		CEC898832C6C119200F62E0D /* CityDetailConstants.swift in Sources */ = {isa = PBXBuildFile; fileRef = CEC898822C6C119200F62E0D /* CityDetailConstants.swift */; };
		CEC898862C6C123E00F62E0D /* CityMapConstants.swift in Sources */ = {isa = PBXBuildFile; fileRef = CEC898852C6C123E00F62E0D /* CityMapConstants.swift */; };
		CEC898892C6C12CA00F62E0D /* CityLocatorConstants.swift in Sources */ = {isa = PBXBuildFile; fileRef = CEC898882C6C12CA00F62E0D /* CityLocatorConstants.swift */; };
		CEC8988C2C6C12FC00F62E0D /* CityLocatorError.swift in Sources */ = {isa = PBXBuildFile; fileRef = CEC8988B2C6C12FC00F62E0D /* CityLocatorError.swift */; };
		CEC8988F2C6C138C00F62E0D /* CityServiceMockConstants.swift in Sources */ = {isa = PBXBuildFile; fileRef = CEC8988E2C6C138C00F62E0D /* CityServiceMockConstants.swift */; };
		CEC898952C6C197D00F62E0D /* CityText.swift in Sources */ = {isa = PBXBuildFile; fileRef = CEC898942C6C197D00F62E0D /* CityText.swift */; };
		CEDE6B502C6540F500032EB5 /* CityServiceTest.swift in Sources */ = {isa = PBXBuildFile; fileRef = CEDE6B4F2C6540F500032EB5 /* CityServiceTest.swift */; };
		CEDE6B582C65836900032EB5 /* CityLocatorUITests.swift in Sources */ = {isa = PBXBuildFile; fileRef = CEDE6B572C65836900032EB5 /* CityLocatorUITests.swift */; };
		CEF08A122C5862F1009C057A /* CityLocatorApp.swift in Sources */ = {isa = PBXBuildFile; fileRef = CEF08A112C5862F1009C057A /* CityLocatorApp.swift */; };
		CEF08A182C5862F3009C057A /* Assets.xcassets in Resources */ = {isa = PBXBuildFile; fileRef = CEF08A172C5862F3009C057A /* Assets.xcassets */; };
		CEF08A1B2C5862F3009C057A /* Preview Assets.xcassets in Resources */ = {isa = PBXBuildFile; fileRef = CEF08A1A2C5862F3009C057A /* Preview Assets.xcassets */; };
/* End PBXBuildFile section */

/* Begin PBXContainerItemProxy section */
		CE8E952F2C6530500079D6C0 /* PBXContainerItemProxy */ = {
			isa = PBXContainerItemProxy;
			containerPortal = CEF08A062C5862F1009C057A /* Project object */;
			proxyType = 1;
			remoteGlobalIDString = CEF08A0D2C5862F1009C057A;
			remoteInfo = CityLocator;
		};
		CEDE6B5B2C65836900032EB5 /* PBXContainerItemProxy */ = {
			isa = PBXContainerItemProxy;
			containerPortal = CEF08A062C5862F1009C057A /* Project object */;
			proxyType = 1;
			remoteGlobalIDString = CEF08A0D2C5862F1009C057A;
			remoteInfo = CityLocator;
		};
/* End PBXContainerItemProxy section */

/* Begin PBXFileReference section */
		CE0348282C61A1F6000CF730 /* CityLocatorView.swift */ = {isa = PBXFileReference; lastKnownFileType = sourcecode.swift; path = CityLocatorView.swift; sourceTree = "<group>"; };
		CE2FFCC32C62CC0200F47127 /* OrientationManager.swift */ = {isa = PBXFileReference; lastKnownFileType = sourcecode.swift; path = OrientationManager.swift; sourceTree = "<group>"; };
		CE421D192C5AEFAD002178C2 /* CityListView.swift */ = {isa = PBXFileReference; lastKnownFileType = sourcecode.swift; path = CityListView.swift; sourceTree = "<group>"; };
		CE421D1C2C5AF137002178C2 /* CityDetailView.swift */ = {isa = PBXFileReference; lastKnownFileType = sourcecode.swift; path = CityDetailView.swift; sourceTree = "<group>"; };
		CE421D1E2C5AF3E0002178C2 /* PreviewDataMock.swift */ = {isa = PBXFileReference; lastKnownFileType = sourcecode.swift; path = PreviewDataMock.swift; sourceTree = "<group>"; };
		CE421D212C5AF95C002178C2 /* CityMapView.swift */ = {isa = PBXFileReference; lastKnownFileType = sourcecode.swift; path = CityMapView.swift; sourceTree = "<group>"; };
		CE421D242C5C3A87002178C2 /* CityGeneralConstants.swift */ = {isa = PBXFileReference; lastKnownFileType = sourcecode.swift; path = CityGeneralConstants.swift; sourceTree = "<group>"; };
		CE4A55A02C59A80A0092B043 /* CityModel.swift */ = {isa = PBXFileReference; lastKnownFileType = sourcecode.swift; path = CityModel.swift; sourceTree = "<group>"; };
		CE4A55A32C59A9690092B043 /* CityService.swift */ = {isa = PBXFileReference; lastKnownFileType = sourcecode.swift; path = CityService.swift; sourceTree = "<group>"; };
		CE5B34CE2C66B72000A0EDA4 /* CityGenericError.swift */ = {isa = PBXFileReference; lastKnownFileType = sourcecode.swift; path = CityGenericError.swift; sourceTree = "<group>"; };
		CE70BA442C5A94610036812D /* Constants.swift */ = {isa = PBXFileReference; lastKnownFileType = sourcecode.swift; path = Constants.swift; sourceTree = "<group>"; };
		CE70BA462C5A96C80036812D /* URLs.swift */ = {isa = PBXFileReference; lastKnownFileType = sourcecode.swift; path = URLs.swift; sourceTree = "<group>"; };
		CE70BA492C5AB42E0036812D /* CityViewModel.swift */ = {isa = PBXFileReference; lastKnownFileType = sourcecode.swift; path = CityViewModel.swift; sourceTree = "<group>"; };
		CE7AE2902C5D5F4100DBC598 /* citiesDB.json */ = {isa = PBXFileReference; lastKnownFileType = text.json; path = citiesDB.json; sourceTree = "<group>"; };
		CE7AE2922C5D667600DBC598 /* CityServiceMock.swift */ = {isa = PBXFileReference; lastKnownFileType = sourcecode.swift; path = CityServiceMock.swift; sourceTree = "<group>"; };
		CE8E952B2C6530500079D6C0 /* CityLocatorTests.xctest */ = {isa = PBXFileReference; explicitFileType = wrapper.cfbundle; includeInIndex = 0; path = CityLocatorTests.xctest; sourceTree = BUILT_PRODUCTS_DIR; };
		CEC8987F2C6C117300F62E0D /* CityListConstants.swift */ = {isa = PBXFileReference; lastKnownFileType = sourcecode.swift; path = CityListConstants.swift; sourceTree = "<group>"; };
		CEC898822C6C119200F62E0D /* CityDetailConstants.swift */ = {isa = PBXFileReference; lastKnownFileType = sourcecode.swift; path = CityDetailConstants.swift; sourceTree = "<group>"; };
		CEC898852C6C123E00F62E0D /* CityMapConstants.swift */ = {isa = PBXFileReference; lastKnownFileType = sourcecode.swift; path = CityMapConstants.swift; sourceTree = "<group>"; };
		CEC898882C6C12CA00F62E0D /* CityLocatorConstants.swift */ = {isa = PBXFileReference; lastKnownFileType = sourcecode.swift; path = CityLocatorConstants.swift; sourceTree = "<group>"; };
		CEC8988B2C6C12FC00F62E0D /* CityLocatorError.swift */ = {isa = PBXFileReference; lastKnownFileType = sourcecode.swift; path = CityLocatorError.swift; sourceTree = "<group>"; };
		CEC8988E2C6C138C00F62E0D /* CityServiceMockConstants.swift */ = {isa = PBXFileReference; lastKnownFileType = sourcecode.swift; path = CityServiceMockConstants.swift; sourceTree = "<group>"; };
		CEC898942C6C197D00F62E0D /* CityText.swift */ = {isa = PBXFileReference; lastKnownFileType = sourcecode.swift; path = CityText.swift; sourceTree = "<group>"; };
		CEDE6B4F2C6540F500032EB5 /* CityServiceTest.swift */ = {isa = PBXFileReference; lastKnownFileType = sourcecode.swift; path = CityServiceTest.swift; sourceTree = "<group>"; };
		CEDE6B552C65836900032EB5 /* CityLocatorUITests.xctest */ = {isa = PBXFileReference; explicitFileType = wrapper.cfbundle; includeInIndex = 0; path = CityLocatorUITests.xctest; sourceTree = BUILT_PRODUCTS_DIR; };
		CEDE6B572C65836900032EB5 /* CityLocatorUITests.swift */ = {isa = PBXFileReference; lastKnownFileType = sourcecode.swift; path = CityLocatorUITests.swift; sourceTree = "<group>"; };
		CEF08A0E2C5862F1009C057A /* CityLocator.app */ = {isa = PBXFileReference; explicitFileType = wrapper.application; includeInIndex = 0; path = CityLocator.app; sourceTree = BUILT_PRODUCTS_DIR; };
		CEF08A112C5862F1009C057A /* CityLocatorApp.swift */ = {isa = PBXFileReference; lastKnownFileType = sourcecode.swift; path = CityLocatorApp.swift; sourceTree = "<group>"; };
		CEF08A172C5862F3009C057A /* Assets.xcassets */ = {isa = PBXFileReference; lastKnownFileType = folder.assetcatalog; path = Assets.xcassets; sourceTree = "<group>"; };
		CEF08A1A2C5862F3009C057A /* Preview Assets.xcassets */ = {isa = PBXFileReference; lastKnownFileType = folder.assetcatalog; path = "Preview Assets.xcassets"; sourceTree = "<group>"; };
/* End PBXFileReference section */

/* Begin PBXFrameworksBuildPhase section */
		CE8E95282C6530500079D6C0 /* Frameworks */ = {
			isa = PBXFrameworksBuildPhase;
			buildActionMask = 2147483647;
			files = (
			);
			runOnlyForDeploymentPostprocessing = 0;
		};
		CEDE6B522C65836900032EB5 /* Frameworks */ = {
			isa = PBXFrameworksBuildPhase;
			buildActionMask = 2147483647;
			files = (
			);
			runOnlyForDeploymentPostprocessing = 0;
		};
		CEF08A0B2C5862F1009C057A /* Frameworks */ = {
			isa = PBXFrameworksBuildPhase;
			buildActionMask = 2147483647;
			files = (
			);
			runOnlyForDeploymentPostprocessing = 0;
		};
/* End PBXFrameworksBuildPhase section */

/* Begin PBXGroup section */
		CE0348272C61A002000CF730 /* CityLocatorView */ = {
			isa = PBXGroup;
			children = (
				CEC898872C6C12B600F62E0D /* CityLocatorConstants */,
				CE0348282C61A1F6000CF730 /* CityLocatorView.swift */,
			);
			path = CityLocatorView;
			sourceTree = "<group>";
		};
		CE421D152C5AEF5A002178C2 /* View */ = {
			isa = PBXGroup;
			children = (
				CEC898752C6C0CDC00F62E0D /* CityView */,
			);
			path = View;
			sourceTree = "<group>";
		};
		CE421D162C5AEF6D002178C2 /* CityListView */ = {
			isa = PBXGroup;
			children = (
				CEC8987E2C6C115700F62E0D /* CityListConstants */,
				CE421D192C5AEFAD002178C2 /* CityListView.swift */,
			);
			path = CityListView;
			sourceTree = "<group>";
		};
		CE421D172C5AEF7B002178C2 /* CityDetailView */ = {
			isa = PBXGroup;
			children = (
				CEC898812C6C118200F62E0D /* CityDetailConstants */,
				CE421D1C2C5AF137002178C2 /* CityDetailView.swift */,
			);
			path = CityDetailView;
			sourceTree = "<group>";
		};
		CE421D202C5AF949002178C2 /* CityMapView */ = {
			isa = PBXGroup;
			children = (
				CEC898842C6C123600F62E0D /* CityMapConstants */,
				CE421D212C5AF95C002178C2 /* CityMapView.swift */,
			);
			path = CityMapView;
			sourceTree = "<group>";
		};
		CE4A559F2C59A7730092B043 /* Model */ = {
			isa = PBXGroup;
			children = (
				CEC898772C6C0D0E00F62E0D /* CityModel */,
			);
			path = Model;
			sourceTree = "<group>";
		};
		CE4A55A22C59A9120092B043 /* Services */ = {
			isa = PBXGroup;
			children = (
				CEC898732C6C0C5E00F62E0D /* CityService */,
			);
			path = Services;
			sourceTree = "<group>";
		};
		CE70BA432C5A93ED0036812D /* Utils */ = {
			isa = PBXGroup;
			children = (
				CEF08A172C5862F3009C057A /* Assets.xcassets */,
				CE7AE2902C5D5F4100DBC598 /* citiesDB.json */,
				CE421D1E2C5AF3E0002178C2 /* PreviewDataMock.swift */,
				CE2FFCC32C62CC0200F47127 /* OrientationManager.swift */,
			);
			path = Utils;
			sourceTree = "<group>";
		};
		CE70BA482C5AB3840036812D /* CityViewModel */ = {
			isa = PBXGroup;
			children = (
				CE70BA492C5AB42E0036812D /* CityViewModel.swift */,
			);
			path = CityViewModel;
			sourceTree = "<group>";
		};
		CE8E952C2C6530500079D6C0 /* CityLocatorTests */ = {
			isa = PBXGroup;
			children = (
				CEC898782C6C0D1A00F62E0D /* CityServiceTest */,
			);
			path = CityLocatorTests;
			sourceTree = "<group>";
		};
		CEC898732C6C0C5E00F62E0D /* CityService */ = {
			isa = PBXGroup;
			children = (
				CEC898902C6C18EF00F62E0D /* CityServiceError */,
				CE4A55A32C59A9690092B043 /* CityService.swift */,
				CEC898742C6C0C7500F62E0D /* CityServiceMock */,
			);
			path = CityService;
			sourceTree = "<group>";
		};
		CEC898742C6C0C7500F62E0D /* CityServiceMock */ = {
			isa = PBXGroup;
			children = (
				CE7AE2922C5D667600DBC598 /* CityServiceMock.swift */,
			);
			path = CityServiceMock;
			sourceTree = "<group>";
		};
		CEC898752C6C0CDC00F62E0D /* CityView */ = {
			isa = PBXGroup;
			children = (
				CE0348272C61A002000CF730 /* CityLocatorView */,
				CE421D202C5AF949002178C2 /* CityMapView */,
				CE421D172C5AEF7B002178C2 /* CityDetailView */,
				CE421D162C5AEF6D002178C2 /* CityListView */,
			);
			path = CityView;
			sourceTree = "<group>";
		};
		CEC898762C6C0CF800F62E0D /* ViewModel */ = {
			isa = PBXGroup;
			children = (
				CE70BA482C5AB3840036812D /* CityViewModel */,
			);
			path = ViewModel;
			sourceTree = "<group>";
		};
		CEC898772C6C0D0E00F62E0D /* CityModel */ = {
			isa = PBXGroup;
			children = (
				CE4A55A02C59A80A0092B043 /* CityModel.swift */,
			);
			path = CityModel;
			sourceTree = "<group>";
		};
		CEC898782C6C0D1A00F62E0D /* CityServiceTest */ = {
			isa = PBXGroup;
			children = (
				CEDE6B4F2C6540F500032EB5 /* CityServiceTest.swift */,
			);
			path = CityServiceTest;
			sourceTree = "<group>";
		};
		CEC898792C6C0D2C00F62E0D /* CityUITest */ = {
			isa = PBXGroup;
			children = (
				CEDE6B572C65836900032EB5 /* CityLocatorUITests.swift */,
			);
			path = CityUITest;
			sourceTree = "<group>";
		};
		CEC8987A2C6C0D4E00F62E0D /* CityConstanst */ = {
			isa = PBXGroup;
			children = (
				CEC8988A2C6C12E000F62E0D /* CityLocatorError */,
				CEC8987D2C6C111600F62E0D /* CityGeneralConstants */,
				CEC8987C2C6C10CA00F62E0D /* CityService */,
				CE70BA442C5A94610036812D /* Constants.swift */,
			);
			path = CityConstanst;
			sourceTree = "<group>";
		};
		CEC8987B2C6C10AA00F62E0D /* Constants */ = {
			isa = PBXGroup;
			children = (
				CE70BA462C5A96C80036812D /* URLs.swift */,
				CEC8987A2C6C0D4E00F62E0D /* CityConstanst */,
			);
			path = Constants;
			sourceTree = "<group>";
		};
		CEC8987C2C6C10CA00F62E0D /* CityService */ = {
			isa = PBXGroup;
			children = (
				CEC8988D2C6C136500F62E0D /* CityServiceMock */,
			);
			path = CityService;
			sourceTree = "<group>";
		};
		CEC8987D2C6C111600F62E0D /* CityGeneralConstants */ = {
			isa = PBXGroup;
			children = (
				CE421D242C5C3A87002178C2 /* CityGeneralConstants.swift */,
			);
			path = CityGeneralConstants;
			sourceTree = "<group>";
		};
		CEC8987E2C6C115700F62E0D /* CityListConstants */ = {
			isa = PBXGroup;
			children = (
				CEC8987F2C6C117300F62E0D /* CityListConstants.swift */,
			);
			path = CityListConstants;
			sourceTree = "<group>";
		};
		CEC898812C6C118200F62E0D /* CityDetailConstants */ = {
			isa = PBXGroup;
			children = (
				CEC898822C6C119200F62E0D /* CityDetailConstants.swift */,
			);
			path = CityDetailConstants;
			sourceTree = "<group>";
		};
		CEC898842C6C123600F62E0D /* CityMapConstants */ = {
			isa = PBXGroup;
			children = (
				CEC898852C6C123E00F62E0D /* CityMapConstants.swift */,
			);
			path = CityMapConstants;
			sourceTree = "<group>";
		};
		CEC898872C6C12B600F62E0D /* CityLocatorConstants */ = {
			isa = PBXGroup;
			children = (
				CEC898882C6C12CA00F62E0D /* CityLocatorConstants.swift */,
			);
			path = CityLocatorConstants;
			sourceTree = "<group>";
		};
		CEC8988A2C6C12E000F62E0D /* CityLocatorError */ = {
			isa = PBXGroup;
			children = (
				CEC8988B2C6C12FC00F62E0D /* CityLocatorError.swift */,
			);
			path = CityLocatorError;
			sourceTree = "<group>";
		};
		CEC8988D2C6C136500F62E0D /* CityServiceMock */ = {
			isa = PBXGroup;
			children = (
				CEC8988E2C6C138C00F62E0D /* CityServiceMockConstants.swift */,
			);
			path = CityServiceMock;
			sourceTree = "<group>";
		};
		CEC898902C6C18EF00F62E0D /* CityServiceError */ = {
			isa = PBXGroup;
			children = (
				CE5B34CE2C66B72000A0EDA4 /* CityGenericError.swift */,
			);
			path = CityServiceError;
			sourceTree = "<group>";
		};
		CEC898912C6C194100F62E0D /* Extensions */ = {
			isa = PBXGroup;
			children = (
				CEC898922C6C195A00F62E0D /* CityComponentes */,
			);
			path = Extensions;
			sourceTree = "<group>";
		};
		CEC898922C6C195A00F62E0D /* CityComponentes */ = {
			isa = PBXGroup;
			children = (
				CEC898932C6C196400F62E0D /* CityText */,
			);
			path = CityComponentes;
			sourceTree = "<group>";
		};
		CEC898932C6C196400F62E0D /* CityText */ = {
			isa = PBXGroup;
			children = (
				CEC898942C6C197D00F62E0D /* CityText.swift */,
			);
			path = CityText;
			sourceTree = "<group>";
		};
		CEDE6B562C65836900032EB5 /* CityLocatorUITests */ = {
			isa = PBXGroup;
			children = (
				CEC898792C6C0D2C00F62E0D /* CityUITest */,
			);
			path = CityLocatorUITests;
			sourceTree = "<group>";
		};
		CEF08A052C5862F1009C057A = {
			isa = PBXGroup;
			children = (
				CEF08A102C5862F1009C057A /* CityLocator */,
				CE8E952C2C6530500079D6C0 /* CityLocatorTests */,
				CEDE6B562C65836900032EB5 /* CityLocatorUITests */,
				CEF08A0F2C5862F1009C057A /* Products */,
			);
			sourceTree = "<group>";
		};
		CEF08A0F2C5862F1009C057A /* Products */ = {
			isa = PBXGroup;
			children = (
				CEF08A0E2C5862F1009C057A /* CityLocator.app */,
				CE8E952B2C6530500079D6C0 /* CityLocatorTests.xctest */,
				CEDE6B552C65836900032EB5 /* CityLocatorUITests.xctest */,
			);
			name = Products;
			sourceTree = "<group>";
		};
		CEF08A102C5862F1009C057A /* CityLocator */ = {
			isa = PBXGroup;
			children = (
				CEF08A112C5862F1009C057A /* CityLocatorApp.swift */,
				CE421D152C5AEF5A002178C2 /* View */,
				CEC898762C6C0CF800F62E0D /* ViewModel */,
				CE70BA432C5A93ED0036812D /* Utils */,
				CEC898912C6C194100F62E0D /* Extensions */,
				CE4A55A22C59A9120092B043 /* Services */,
				CEC8987B2C6C10AA00F62E0D /* Constants */,
				CE4A559F2C59A7730092B043 /* Model */,
				CEF08A192C5862F3009C057A /* Preview Content */,
			);
			path = CityLocator;
			sourceTree = "<group>";
		};
		CEF08A192C5862F3009C057A /* Preview Content */ = {
			isa = PBXGroup;
			children = (
				CEF08A1A2C5862F3009C057A /* Preview Assets.xcassets */,
			);
			path = "Preview Content";
			sourceTree = "<group>";
		};
/* End PBXGroup section */

/* Begin PBXNativeTarget section */
		CE8E952A2C6530500079D6C0 /* CityLocatorTests */ = {
			isa = PBXNativeTarget;
			buildConfigurationList = CE8E95332C6530500079D6C0 /* Build configuration list for PBXNativeTarget "CityLocatorTests" */;
			buildPhases = (
				CE8E95272C6530500079D6C0 /* Sources */,
				CE8E95282C6530500079D6C0 /* Frameworks */,
				CE8E95292C6530500079D6C0 /* Resources */,
			);
			buildRules = (
			);
			dependencies = (
				CE8E95302C6530500079D6C0 /* PBXTargetDependency */,
			);
			name = CityLocatorTests;
			productName = CityLocatorTests;
			productReference = CE8E952B2C6530500079D6C0 /* CityLocatorTests.xctest */;
			productType = "com.apple.product-type.bundle.unit-test";
		};
		CEDE6B542C65836900032EB5 /* CityLocatorUITests */ = {
			isa = PBXNativeTarget;
			buildConfigurationList = CEDE6B5D2C65836900032EB5 /* Build configuration list for PBXNativeTarget "CityLocatorUITests" */;
			buildPhases = (
				CEDE6B512C65836900032EB5 /* Sources */,
				CEDE6B522C65836900032EB5 /* Frameworks */,
				CEDE6B532C65836900032EB5 /* Resources */,
			);
			buildRules = (
			);
			dependencies = (
				CEDE6B5C2C65836900032EB5 /* PBXTargetDependency */,
			);
			name = CityLocatorUITests;
			productName = CityLocatorUITests;
			productReference = CEDE6B552C65836900032EB5 /* CityLocatorUITests.xctest */;
			productType = "com.apple.product-type.bundle.ui-testing";
		};
		CEF08A0D2C5862F1009C057A /* CityLocator */ = {
			isa = PBXNativeTarget;
			buildConfigurationList = CEF08A1E2C5862F3009C057A /* Build configuration list for PBXNativeTarget "CityLocator" */;
			buildPhases = (
				CEF08A0A2C5862F1009C057A /* Sources */,
				CEF08A0B2C5862F1009C057A /* Frameworks */,
				CEF08A0C2C5862F1009C057A /* Resources */,
			);
			buildRules = (
			);
			dependencies = (
			);
			name = CityLocator;
			productName = CityLocator;
			productReference = CEF08A0E2C5862F1009C057A /* CityLocator.app */;
			productType = "com.apple.product-type.application";
		};
/* End PBXNativeTarget section */

/* Begin PBXProject section */
		CEF08A062C5862F1009C057A /* Project object */ = {
			isa = PBXProject;
			attributes = {
				BuildIndependentTargetsInParallel = 1;
				LastSwiftUpdateCheck = 1520;
				LastUpgradeCheck = 1520;
				TargetAttributes = {
					CE8E952A2C6530500079D6C0 = {
						CreatedOnToolsVersion = 15.2;
						TestTargetID = CEF08A0D2C5862F1009C057A;
					};
					CEDE6B542C65836900032EB5 = {
						CreatedOnToolsVersion = 15.2;
						TestTargetID = CEF08A0D2C5862F1009C057A;
					};
					CEF08A0D2C5862F1009C057A = {
						CreatedOnToolsVersion = 15.2;
					};
				};
			};
			buildConfigurationList = CEF08A092C5862F1009C057A /* Build configuration list for PBXProject "CityLocator" */;
			compatibilityVersion = "Xcode 14.0";
			developmentRegion = en;
			hasScannedForEncodings = 0;
			knownRegions = (
				en,
				Base,
			);
			mainGroup = CEF08A052C5862F1009C057A;
			productRefGroup = CEF08A0F2C5862F1009C057A /* Products */;
			projectDirPath = "";
			projectRoot = "";
			targets = (
				CEF08A0D2C5862F1009C057A /* CityLocator */,
				CE8E952A2C6530500079D6C0 /* CityLocatorTests */,
				CEDE6B542C65836900032EB5 /* CityLocatorUITests */,
			);
		};
/* End PBXProject section */

/* Begin PBXResourcesBuildPhase section */
		CE8E95292C6530500079D6C0 /* Resources */ = {
			isa = PBXResourcesBuildPhase;
			buildActionMask = 2147483647;
			files = (
			);
			runOnlyForDeploymentPostprocessing = 0;
		};
		CEDE6B532C65836900032EB5 /* Resources */ = {
			isa = PBXResourcesBuildPhase;
			buildActionMask = 2147483647;
			files = (
			);
			runOnlyForDeploymentPostprocessing = 0;
		};
		CEF08A0C2C5862F1009C057A /* Resources */ = {
			isa = PBXResourcesBuildPhase;
			buildActionMask = 2147483647;
			files = (
				CE7AE2912C5D5F4100DBC598 /* citiesDB.json in Resources */,
				CEF08A1B2C5862F3009C057A /* Preview Assets.xcassets in Resources */,
				CEF08A182C5862F3009C057A /* Assets.xcassets in Resources */,
			);
			runOnlyForDeploymentPostprocessing = 0;
		};
/* End PBXResourcesBuildPhase section */

/* Begin PBXSourcesBuildPhase section */
		CE8E95272C6530500079D6C0 /* Sources */ = {
			isa = PBXSourcesBuildPhase;
			buildActionMask = 2147483647;
			files = (
				CEDE6B502C6540F500032EB5 /* CityServiceTest.swift in Sources */,
			);
			runOnlyForDeploymentPostprocessing = 0;
		};
		CEDE6B512C65836900032EB5 /* Sources */ = {
			isa = PBXSourcesBuildPhase;
			buildActionMask = 2147483647;
			files = (
				CEDE6B582C65836900032EB5 /* CityLocatorUITests.swift in Sources */,
			);
			runOnlyForDeploymentPostprocessing = 0;
		};
		CEF08A0A2C5862F1009C057A /* Sources */ = {
			isa = PBXSourcesBuildPhase;
			buildActionMask = 2147483647;
			files = (
				CE4A55A42C59A9690092B043 /* CityService.swift in Sources */,
				CE4A55A12C59A80A0092B043 /* CityModel.swift in Sources */,
				CE421D222C5AF95C002178C2 /* CityMapView.swift in Sources */,
				CE7AE2932C5D667600DBC598 /* CityServiceMock.swift in Sources */,
				CEC898802C6C117300F62E0D /* CityListConstants.swift in Sources */,
				CEC8988F2C6C138C00F62E0D /* CityServiceMockConstants.swift in Sources */,
				CE421D1F2C5AF3E0002178C2 /* PreviewDataMock.swift in Sources */,
				CE421D252C5C3A87002178C2 /* CityGeneralConstants.swift in Sources */,
				CE0348292C61A1F6000CF730 /* CityLocatorView.swift in Sources */,
				CE5B34CF2C66B72000A0EDA4 /* CityGenericError.swift in Sources */,
				CE70BA4A2C5AB42E0036812D /* CityViewModel.swift in Sources */,
				CE421D1D2C5AF137002178C2 /* CityDetailView.swift in Sources */,
				CEC898862C6C123E00F62E0D /* CityMapConstants.swift in Sources */,
				CEC898952C6C197D00F62E0D /* CityText.swift in Sources */,
				CEC8988C2C6C12FC00F62E0D /* CityLocatorError.swift in Sources */,
				CE2FFCC42C62CC0200F47127 /* OrientationManager.swift in Sources */,
				CE70BA472C5A96C80036812D /* URLs.swift in Sources */,
				CE421D1A2C5AEFAD002178C2 /* CityListView.swift in Sources */,
				CEC898892C6C12CA00F62E0D /* CityLocatorConstants.swift in Sources */,
				CEF08A122C5862F1009C057A /* CityLocatorApp.swift in Sources */,
				CE70BA452C5A94610036812D /* Constants.swift in Sources */,
				CEC898832C6C119200F62E0D /* CityDetailConstants.swift in Sources */,
			);
			runOnlyForDeploymentPostprocessing = 0;
		};
/* End PBXSourcesBuildPhase section */

/* Begin PBXTargetDependency section */
		CE8E95302C6530500079D6C0 /* PBXTargetDependency */ = {
			isa = PBXTargetDependency;
			target = CEF08A0D2C5862F1009C057A /* CityLocator */;
			targetProxy = CE8E952F2C6530500079D6C0 /* PBXContainerItemProxy */;
		};
		CEDE6B5C2C65836900032EB5 /* PBXTargetDependency */ = {
			isa = PBXTargetDependency;
			target = CEF08A0D2C5862F1009C057A /* CityLocator */;
			targetProxy = CEDE6B5B2C65836900032EB5 /* PBXContainerItemProxy */;
		};
/* End PBXTargetDependency section */

/* Begin XCBuildConfiguration section */
		CE8E95312C6530500079D6C0 /* Debug */ = {
			isa = XCBuildConfiguration;
			buildSettings = {
				ALWAYS_EMBED_SWIFT_STANDARD_LIBRARIES = YES;
				BUNDLE_LOADER = "$(TEST_HOST)";
				CODE_SIGN_STYLE = Automatic;
				CURRENT_PROJECT_VERSION = 1;
				GENERATE_INFOPLIST_FILE = YES;
				MARKETING_VERSION = 1.0;
				PRODUCT_BUNDLE_IDENTIFIER = com.IvanAlexValero.CityLocatorTests;
				PRODUCT_NAME = "$(TARGET_NAME)";
				SWIFT_EMIT_LOC_STRINGS = NO;
				SWIFT_VERSION = 5.0;
				TARGETED_DEVICE_FAMILY = "1,2";
				TEST_HOST = "$(BUILT_PRODUCTS_DIR)/CityLocator.app/$(BUNDLE_EXECUTABLE_FOLDER_PATH)/CityLocator";
			};
			name = Debug;
		};
		CE8E95322C6530500079D6C0 /* Release */ = {
			isa = XCBuildConfiguration;
			buildSettings = {
				ALWAYS_EMBED_SWIFT_STANDARD_LIBRARIES = YES;
				BUNDLE_LOADER = "$(TEST_HOST)";
				CODE_SIGN_STYLE = Automatic;
				CURRENT_PROJECT_VERSION = 1;
				GENERATE_INFOPLIST_FILE = YES;
				MARKETING_VERSION = 1.0;
				PRODUCT_BUNDLE_IDENTIFIER = com.IvanAlexValero.CityLocatorTests;
				PRODUCT_NAME = "$(TARGET_NAME)";
				SWIFT_EMIT_LOC_STRINGS = NO;
				SWIFT_VERSION = 5.0;
				TARGETED_DEVICE_FAMILY = "1,2";
				TEST_HOST = "$(BUILT_PRODUCTS_DIR)/CityLocator.app/$(BUNDLE_EXECUTABLE_FOLDER_PATH)/CityLocator";
			};
			name = Release;
		};
		CEDE6B5E2C65836900032EB5 /* Debug */ = {
			isa = XCBuildConfiguration;
			buildSettings = {
				CODE_SIGN_STYLE = Automatic;
				CURRENT_PROJECT_VERSION = 1;
				GENERATE_INFOPLIST_FILE = YES;
				MARKETING_VERSION = 1.0;
				PRODUCT_BUNDLE_IDENTIFIER = com.IvanAlexValero.CityLocatorUITests;
				PRODUCT_NAME = "$(TARGET_NAME)";
				SWIFT_EMIT_LOC_STRINGS = NO;
				SWIFT_VERSION = 5.0;
				TARGETED_DEVICE_FAMILY = "1,2";
				TEST_TARGET_NAME = CityLocator;
			};
			name = Debug;
		};
		CEDE6B5F2C65836900032EB5 /* Release */ = {
			isa = XCBuildConfiguration;
			buildSettings = {
				CODE_SIGN_STYLE = Automatic;
				CURRENT_PROJECT_VERSION = 1;
				GENERATE_INFOPLIST_FILE = YES;
				MARKETING_VERSION = 1.0;
				PRODUCT_BUNDLE_IDENTIFIER = com.IvanAlexValero.CityLocatorUITests;
				PRODUCT_NAME = "$(TARGET_NAME)";
				SWIFT_EMIT_LOC_STRINGS = NO;
				SWIFT_VERSION = 5.0;
				TARGETED_DEVICE_FAMILY = "1,2";
				TEST_TARGET_NAME = CityLocator;
			};
			name = Release;
		};
		CEF08A1C2C5862F3009C057A /* Debug */ = {
			isa = XCBuildConfiguration;
			buildSettings = {
				ALWAYS_SEARCH_USER_PATHS = NO;
				ASSETCATALOG_COMPILER_GENERATE_SWIFT_ASSET_SYMBOL_EXTENSIONS = YES;
				CLANG_ANALYZER_NONNULL = YES;
				CLANG_ANALYZER_NUMBER_OBJECT_CONVERSION = YES_AGGRESSIVE;
				CLANG_CXX_LANGUAGE_STANDARD = "gnu++20";
				CLANG_ENABLE_MODULES = YES;
				CLANG_ENABLE_OBJC_ARC = YES;
				CLANG_ENABLE_OBJC_WEAK = YES;
				CLANG_WARN_BLOCK_CAPTURE_AUTORELEASING = YES;
				CLANG_WARN_BOOL_CONVERSION = YES;
				CLANG_WARN_COMMA = YES;
				CLANG_WARN_CONSTANT_CONVERSION = YES;
				CLANG_WARN_DEPRECATED_OBJC_IMPLEMENTATIONS = YES;
				CLANG_WARN_DIRECT_OBJC_ISA_USAGE = YES_ERROR;
				CLANG_WARN_DOCUMENTATION_COMMENTS = YES;
				CLANG_WARN_EMPTY_BODY = YES;
				CLANG_WARN_ENUM_CONVERSION = YES;
				CLANG_WARN_INFINITE_RECURSION = YES;
				CLANG_WARN_INT_CONVERSION = YES;
				CLANG_WARN_NON_LITERAL_NULL_CONVERSION = YES;
				CLANG_WARN_OBJC_IMPLICIT_RETAIN_SELF = YES;
				CLANG_WARN_OBJC_LITERAL_CONVERSION = YES;
				CLANG_WARN_OBJC_ROOT_CLASS = YES_ERROR;
				CLANG_WARN_QUOTED_INCLUDE_IN_FRAMEWORK_HEADER = YES;
				CLANG_WARN_RANGE_LOOP_ANALYSIS = YES;
				CLANG_WARN_STRICT_PROTOTYPES = YES;
				CLANG_WARN_SUSPICIOUS_MOVE = YES;
				CLANG_WARN_UNGUARDED_AVAILABILITY = YES_AGGRESSIVE;
				CLANG_WARN_UNREACHABLE_CODE = YES;
				CLANG_WARN__DUPLICATE_METHOD_MATCH = YES;
				COPY_PHASE_STRIP = NO;
				DEBUG_INFORMATION_FORMAT = dwarf;
				ENABLE_STRICT_OBJC_MSGSEND = YES;
				ENABLE_TESTABILITY = YES;
				ENABLE_USER_SCRIPT_SANDBOXING = YES;
				GCC_C_LANGUAGE_STANDARD = gnu17;
				GCC_DYNAMIC_NO_PIC = NO;
				GCC_NO_COMMON_BLOCKS = YES;
				GCC_OPTIMIZATION_LEVEL = 0;
				GCC_PREPROCESSOR_DEFINITIONS = (
					"DEBUG=1",
					"$(inherited)",
				);
				GCC_WARN_64_TO_32_BIT_CONVERSION = YES;
				GCC_WARN_ABOUT_RETURN_TYPE = YES_ERROR;
				GCC_WARN_UNDECLARED_SELECTOR = YES;
				GCC_WARN_UNINITIALIZED_AUTOS = YES_AGGRESSIVE;
				GCC_WARN_UNUSED_FUNCTION = YES;
				GCC_WARN_UNUSED_VARIABLE = YES;
				IPHONEOS_DEPLOYMENT_TARGET = 17.2;
				LOCALIZATION_PREFERS_STRING_CATALOGS = YES;
				MTL_ENABLE_DEBUG_INFO = INCLUDE_SOURCE;
				MTL_FAST_MATH = YES;
				ONLY_ACTIVE_ARCH = YES;
				SDKROOT = iphoneos;
				SWIFT_ACTIVE_COMPILATION_CONDITIONS = "DEBUG $(inherited)";
				SWIFT_OPTIMIZATION_LEVEL = "-Onone";
			};
			name = Debug;
		};
		CEF08A1D2C5862F3009C057A /* Release */ = {
			isa = XCBuildConfiguration;
			buildSettings = {
				ALWAYS_SEARCH_USER_PATHS = NO;
				ASSETCATALOG_COMPILER_GENERATE_SWIFT_ASSET_SYMBOL_EXTENSIONS = YES;
				CLANG_ANALYZER_NONNULL = YES;
				CLANG_ANALYZER_NUMBER_OBJECT_CONVERSION = YES_AGGRESSIVE;
				CLANG_CXX_LANGUAGE_STANDARD = "gnu++20";
				CLANG_ENABLE_MODULES = YES;
				CLANG_ENABLE_OBJC_ARC = YES;
				CLANG_ENABLE_OBJC_WEAK = YES;
				CLANG_WARN_BLOCK_CAPTURE_AUTORELEASING = YES;
				CLANG_WARN_BOOL_CONVERSION = YES;
				CLANG_WARN_COMMA = YES;
				CLANG_WARN_CONSTANT_CONVERSION = YES;
				CLANG_WARN_DEPRECATED_OBJC_IMPLEMENTATIONS = YES;
				CLANG_WARN_DIRECT_OBJC_ISA_USAGE = YES_ERROR;
				CLANG_WARN_DOCUMENTATION_COMMENTS = YES;
				CLANG_WARN_EMPTY_BODY = YES;
				CLANG_WARN_ENUM_CONVERSION = YES;
				CLANG_WARN_INFINITE_RECURSION = YES;
				CLANG_WARN_INT_CONVERSION = YES;
				CLANG_WARN_NON_LITERAL_NULL_CONVERSION = YES;
				CLANG_WARN_OBJC_IMPLICIT_RETAIN_SELF = YES;
				CLANG_WARN_OBJC_LITERAL_CONVERSION = YES;
				CLANG_WARN_OBJC_ROOT_CLASS = YES_ERROR;
				CLANG_WARN_QUOTED_INCLUDE_IN_FRAMEWORK_HEADER = YES;
				CLANG_WARN_RANGE_LOOP_ANALYSIS = YES;
				CLANG_WARN_STRICT_PROTOTYPES = YES;
				CLANG_WARN_SUSPICIOUS_MOVE = YES;
				CLANG_WARN_UNGUARDED_AVAILABILITY = YES_AGGRESSIVE;
				CLANG_WARN_UNREACHABLE_CODE = YES;
				CLANG_WARN__DUPLICATE_METHOD_MATCH = YES;
				COPY_PHASE_STRIP = NO;
				DEBUG_INFORMATION_FORMAT = "dwarf-with-dsym";
				ENABLE_NS_ASSERTIONS = NO;
				ENABLE_STRICT_OBJC_MSGSEND = YES;
				ENABLE_USER_SCRIPT_SANDBOXING = YES;
				GCC_C_LANGUAGE_STANDARD = gnu17;
				GCC_NO_COMMON_BLOCKS = YES;
				GCC_WARN_64_TO_32_BIT_CONVERSION = YES;
				GCC_WARN_ABOUT_RETURN_TYPE = YES_ERROR;
				GCC_WARN_UNDECLARED_SELECTOR = YES;
				GCC_WARN_UNINITIALIZED_AUTOS = YES_AGGRESSIVE;
				GCC_WARN_UNUSED_FUNCTION = YES;
				GCC_WARN_UNUSED_VARIABLE = YES;
				IPHONEOS_DEPLOYMENT_TARGET = 17.2;
				LOCALIZATION_PREFERS_STRING_CATALOGS = YES;
				MTL_ENABLE_DEBUG_INFO = NO;
				MTL_FAST_MATH = YES;
				SDKROOT = iphoneos;
				SWIFT_COMPILATION_MODE = wholemodule;
				VALIDATE_PRODUCT = YES;
			};
			name = Release;
		};
		CEF08A1F2C5862F3009C057A /* Debug */ = {
			isa = XCBuildConfiguration;
			buildSettings = {
				ASSETCATALOG_COMPILER_APPICON_NAME = AppIcon;
				ASSETCATALOG_COMPILER_GLOBAL_ACCENT_COLOR_NAME = AccentColor;
				CODE_SIGN_STYLE = Automatic;
				CURRENT_PROJECT_VERSION = 1;
				DEVELOPMENT_ASSET_PATHS = "\"CityLocator/Preview Content\"";
				ENABLE_PREVIEWS = YES;
				GENERATE_INFOPLIST_FILE = YES;
				INFOPLIST_KEY_UIApplicationSceneManifest_Generation = YES;
				INFOPLIST_KEY_UIApplicationSupportsIndirectInputEvents = YES;
				INFOPLIST_KEY_UILaunchScreen_Generation = YES;
				INFOPLIST_KEY_UISupportedInterfaceOrientations_iPad = "UIInterfaceOrientationPortrait UIInterfaceOrientationPortraitUpsideDown UIInterfaceOrientationLandscapeLeft UIInterfaceOrientationLandscapeRight";
				INFOPLIST_KEY_UISupportedInterfaceOrientations_iPhone = "UIInterfaceOrientationPortrait UIInterfaceOrientationLandscapeLeft UIInterfaceOrientationLandscapeRight";
				LD_RUNPATH_SEARCH_PATHS = (
					"$(inherited)",
					"@executable_path/Frameworks",
				);
				MARKETING_VERSION = 1.0;
				PRODUCT_BUNDLE_IDENTIFIER = com.IvanAlexValero.CityLocator;
				PRODUCT_NAME = "$(TARGET_NAME)";
				SWIFT_EMIT_LOC_STRINGS = YES;
				SWIFT_VERSION = 5.0;
				TARGETED_DEVICE_FAMILY = "1,2";
			};
			name = Debug;
		};
		CEF08A202C5862F3009C057A /* Release */ = {
			isa = XCBuildConfiguration;
			buildSettings = {
				ASSETCATALOG_COMPILER_APPICON_NAME = AppIcon;
				ASSETCATALOG_COMPILER_GLOBAL_ACCENT_COLOR_NAME = AccentColor;
				CODE_SIGN_STYLE = Automatic;
				CURRENT_PROJECT_VERSION = 1;
				DEVELOPMENT_ASSET_PATHS = "\"CityLocator/Preview Content\"";
				ENABLE_PREVIEWS = YES;
				GENERATE_INFOPLIST_FILE = YES;
				INFOPLIST_KEY_UIApplicationSceneManifest_Generation = YES;
				INFOPLIST_KEY_UIApplicationSupportsIndirectInputEvents = YES;
				INFOPLIST_KEY_UILaunchScreen_Generation = YES;
				INFOPLIST_KEY_UISupportedInterfaceOrientations_iPad = "UIInterfaceOrientationPortrait UIInterfaceOrientationPortraitUpsideDown UIInterfaceOrientationLandscapeLeft UIInterfaceOrientationLandscapeRight";
				INFOPLIST_KEY_UISupportedInterfaceOrientations_iPhone = "UIInterfaceOrientationPortrait UIInterfaceOrientationLandscapeLeft UIInterfaceOrientationLandscapeRight";
				LD_RUNPATH_SEARCH_PATHS = (
					"$(inherited)",
					"@executable_path/Frameworks",
				);
				MARKETING_VERSION = 1.0;
				PRODUCT_BUNDLE_IDENTIFIER = com.IvanAlexValero.CityLocator;
				PRODUCT_NAME = "$(TARGET_NAME)";
				SWIFT_EMIT_LOC_STRINGS = YES;
				SWIFT_VERSION = 5.0;
				TARGETED_DEVICE_FAMILY = "1,2";
			};
			name = Release;
		};
/* End XCBuildConfiguration section */

/* Begin XCConfigurationList section */
		CE8E95332C6530500079D6C0 /* Build configuration list for PBXNativeTarget "CityLocatorTests" */ = {
			isa = XCConfigurationList;
			buildConfigurations = (
				CE8E95312C6530500079D6C0 /* Debug */,
				CE8E95322C6530500079D6C0 /* Release */,
			);
			defaultConfigurationIsVisible = 0;
			defaultConfigurationName = Release;
		};
		CEDE6B5D2C65836900032EB5 /* Build configuration list for PBXNativeTarget "CityLocatorUITests" */ = {
			isa = XCConfigurationList;
			buildConfigurations = (
				CEDE6B5E2C65836900032EB5 /* Debug */,
				CEDE6B5F2C65836900032EB5 /* Release */,
			);
			defaultConfigurationIsVisible = 0;
			defaultConfigurationName = Release;
		};
		CEF08A092C5862F1009C057A /* Build configuration list for PBXProject "CityLocator" */ = {
			isa = XCConfigurationList;
			buildConfigurations = (
				CEF08A1C2C5862F3009C057A /* Debug */,
				CEF08A1D2C5862F3009C057A /* Release */,
			);
			defaultConfigurationIsVisible = 0;
			defaultConfigurationName = Release;
		};
		CEF08A1E2C5862F3009C057A /* Build configuration list for PBXNativeTarget "CityLocator" */ = {
			isa = XCConfigurationList;
			buildConfigurations = (
				CEF08A1F2C5862F3009C057A /* Debug */,
				CEF08A202C5862F3009C057A /* Release */,
			);
			defaultConfigurationIsVisible = 0;
			defaultConfigurationName = Release;
		};
/* End XCConfigurationList section */
	};
	rootObject = CEF08A062C5862F1009C057A /* Project object */;
}
