// !$*UTF8*$!
{
	archiveVersion = 1;
	classes = {
	};
	objectVersion = 56;
	objects = {

/* Begin PBXBuildFile section */
		CE421D1A2C5AEFAD002178C2 /* CityListView.swift in Sources */ = {isa = PBXBuildFile; fileRef = CE421D192C5AEFAD002178C2 /* CityListView.swift */; };
		CE421D1D2C5AF137002178C2 /* CityDetailView.swift in Sources */ = {isa = PBXBuildFile; fileRef = CE421D1C2C5AF137002178C2 /* CityDetailView.swift */; };
		CE421D1F2C5AF3E0002178C2 /* PreviewData.swift in Sources */ = {isa = PBXBuildFile; fileRef = CE421D1E2C5AF3E0002178C2 /* PreviewData.swift */; };
		CE421D222C5AF95C002178C2 /* CityMapView.swift in Sources */ = {isa = PBXBuildFile; fileRef = CE421D212C5AF95C002178C2 /* CityMapView.swift */; };
		CE421D252C5C3A87002178C2 /* CityViewConstants.swift in Sources */ = {isa = PBXBuildFile; fileRef = CE421D242C5C3A87002178C2 /* CityViewConstants.swift */; };
		CE4A55A12C59A80A0092B043 /* CityModel.swift in Sources */ = {isa = PBXBuildFile; fileRef = CE4A55A02C59A80A0092B043 /* CityModel.swift */; };
		CE4A55A42C59A9690092B043 /* CityService.swift in Sources */ = {isa = PBXBuildFile; fileRef = CE4A55A32C59A9690092B043 /* CityService.swift */; };
		CE70BA452C5A94610036812D /* Constants.swift in Sources */ = {isa = PBXBuildFile; fileRef = CE70BA442C5A94610036812D /* Constants.swift */; };
		CE70BA472C5A96C80036812D /* URLs.swift in Sources */ = {isa = PBXBuildFile; fileRef = CE70BA462C5A96C80036812D /* URLs.swift */; };
		CE70BA4A2C5AB42E0036812D /* CityViewModel.swift in Sources */ = {isa = PBXBuildFile; fileRef = CE70BA492C5AB42E0036812D /* CityViewModel.swift */; };
		CEF08A122C5862F1009C057A /* CityLocatorApp.swift in Sources */ = {isa = PBXBuildFile; fileRef = CEF08A112C5862F1009C057A /* CityLocatorApp.swift */; };
		CEF08A142C5862F1009C057A /* ContentView.swift in Sources */ = {isa = PBXBuildFile; fileRef = CEF08A132C5862F1009C057A /* ContentView.swift */; };
		CEF08A162C5862F1009C057A /* Item.swift in Sources */ = {isa = PBXBuildFile; fileRef = CEF08A152C5862F1009C057A /* Item.swift */; };
		CEF08A182C5862F3009C057A /* Assets.xcassets in Resources */ = {isa = PBXBuildFile; fileRef = CEF08A172C5862F3009C057A /* Assets.xcassets */; };
		CEF08A1B2C5862F3009C057A /* Preview Assets.xcassets in Resources */ = {isa = PBXBuildFile; fileRef = CEF08A1A2C5862F3009C057A /* Preview Assets.xcassets */; };
/* End PBXBuildFile section */

/* Begin PBXFileReference section */
		CE421D192C5AEFAD002178C2 /* CityListView.swift */ = {isa = PBXFileReference; lastKnownFileType = sourcecode.swift; path = CityListView.swift; sourceTree = "<group>"; };
		CE421D1C2C5AF137002178C2 /* CityDetailView.swift */ = {isa = PBXFileReference; lastKnownFileType = sourcecode.swift; path = CityDetailView.swift; sourceTree = "<group>"; };
		CE421D1E2C5AF3E0002178C2 /* PreviewData.swift */ = {isa = PBXFileReference; lastKnownFileType = sourcecode.swift; path = PreviewData.swift; sourceTree = "<group>"; };
		CE421D212C5AF95C002178C2 /* CityMapView.swift */ = {isa = PBXFileReference; lastKnownFileType = sourcecode.swift; path = CityMapView.swift; sourceTree = "<group>"; };
		CE421D242C5C3A87002178C2 /* CityViewConstants.swift */ = {isa = PBXFileReference; lastKnownFileType = sourcecode.swift; path = CityViewConstants.swift; sourceTree = "<group>"; };
		CE4A55A02C59A80A0092B043 /* CityModel.swift */ = {isa = PBXFileReference; lastKnownFileType = sourcecode.swift; path = CityModel.swift; sourceTree = "<group>"; };
		CE4A55A32C59A9690092B043 /* CityService.swift */ = {isa = PBXFileReference; lastKnownFileType = sourcecode.swift; path = CityService.swift; sourceTree = "<group>"; };
		CE70BA442C5A94610036812D /* Constants.swift */ = {isa = PBXFileReference; lastKnownFileType = sourcecode.swift; path = Constants.swift; sourceTree = "<group>"; };
		CE70BA462C5A96C80036812D /* URLs.swift */ = {isa = PBXFileReference; lastKnownFileType = sourcecode.swift; path = URLs.swift; sourceTree = "<group>"; };
		CE70BA492C5AB42E0036812D /* CityViewModel.swift */ = {isa = PBXFileReference; lastKnownFileType = sourcecode.swift; path = CityViewModel.swift; sourceTree = "<group>"; };
		CEF08A0E2C5862F1009C057A /* CityLocator.app */ = {isa = PBXFileReference; explicitFileType = wrapper.application; includeInIndex = 0; path = CityLocator.app; sourceTree = BUILT_PRODUCTS_DIR; };
		CEF08A112C5862F1009C057A /* CityLocatorApp.swift */ = {isa = PBXFileReference; lastKnownFileType = sourcecode.swift; path = CityLocatorApp.swift; sourceTree = "<group>"; };
		CEF08A132C5862F1009C057A /* ContentView.swift */ = {isa = PBXFileReference; lastKnownFileType = sourcecode.swift; path = ContentView.swift; sourceTree = "<group>"; };
		CEF08A152C5862F1009C057A /* Item.swift */ = {isa = PBXFileReference; lastKnownFileType = sourcecode.swift; path = Item.swift; sourceTree = "<group>"; };
		CEF08A172C5862F3009C057A /* Assets.xcassets */ = {isa = PBXFileReference; lastKnownFileType = folder.assetcatalog; path = Assets.xcassets; sourceTree = "<group>"; };
		CEF08A1A2C5862F3009C057A /* Preview Assets.xcassets */ = {isa = PBXFileReference; lastKnownFileType = folder.assetcatalog; path = "Preview Assets.xcassets"; sourceTree = "<group>"; };
/* End PBXFileReference section */

/* Begin PBXFrameworksBuildPhase section */
		CEF08A0B2C5862F1009C057A /* Frameworks */ = {
			isa = PBXFrameworksBuildPhase;
			buildActionMask = 2147483647;
			files = (
			);
			runOnlyForDeploymentPostprocessing = 0;
		};
/* End PBXFrameworksBuildPhase section */

/* Begin PBXGroup section */
		CE421D152C5AEF5A002178C2 /* View */ = {
			isa = PBXGroup;
			children = (
				CE421D202C5AF949002178C2 /* CityMapView */,
				CE421D172C5AEF7B002178C2 /* CityDetailView */,
				CE421D162C5AEF6D002178C2 /* CityListView */,
			);
			path = View;
			sourceTree = "<group>";
		};
		CE421D162C5AEF6D002178C2 /* CityListView */ = {
			isa = PBXGroup;
			children = (
				CE421D192C5AEFAD002178C2 /* CityListView.swift */,
			);
			path = CityListView;
			sourceTree = "<group>";
		};
		CE421D172C5AEF7B002178C2 /* CityDetailView */ = {
			isa = PBXGroup;
			children = (
				CE421D1C2C5AF137002178C2 /* CityDetailView.swift */,
			);
			path = CityDetailView;
			sourceTree = "<group>";
		};
		CE421D202C5AF949002178C2 /* CityMapView */ = {
			isa = PBXGroup;
			children = (
				CE421D212C5AF95C002178C2 /* CityMapView.swift */,
			);
			path = CityMapView;
			sourceTree = "<group>";
		};
		CE4A559F2C59A7730092B043 /* Model */ = {
			isa = PBXGroup;
			children = (
				CE4A55A02C59A80A0092B043 /* CityModel.swift */,
			);
			path = Model;
			sourceTree = "<group>";
		};
		CE4A55A22C59A9120092B043 /* Services */ = {
			isa = PBXGroup;
			children = (
				CE4A55A32C59A9690092B043 /* CityService.swift */,
			);
			path = Services;
			sourceTree = "<group>";
		};
		CE70BA432C5A93ED0036812D /* Utils */ = {
			isa = PBXGroup;
			children = (
				CE70BA442C5A94610036812D /* Constants.swift */,
				CE70BA462C5A96C80036812D /* URLs.swift */,
				CE421D1E2C5AF3E0002178C2 /* PreviewData.swift */,
				CE421D242C5C3A87002178C2 /* CityViewConstants.swift */,
			);
			path = Utils;
			sourceTree = "<group>";
		};
		CE70BA482C5AB3840036812D /* CityViewModel */ = {
			isa = PBXGroup;
			children = (
				CE70BA492C5AB42E0036812D /* CityViewModel.swift */,
			);
			path = CityViewModel;
			sourceTree = "<group>";
		};
		CEF08A052C5862F1009C057A = {
			isa = PBXGroup;
			children = (
				CEF08A102C5862F1009C057A /* CityLocator */,
				CEF08A0F2C5862F1009C057A /* Products */,
			);
			sourceTree = "<group>";
		};
		CEF08A0F2C5862F1009C057A /* Products */ = {
			isa = PBXGroup;
			children = (
				CEF08A0E2C5862F1009C057A /* CityLocator.app */,
			);
			name = Products;
			sourceTree = "<group>";
		};
		CEF08A102C5862F1009C057A /* CityLocator */ = {
			isa = PBXGroup;
			children = (
				CEF08A112C5862F1009C057A /* CityLocatorApp.swift */,
				CE421D152C5AEF5A002178C2 /* View */,
				CE70BA482C5AB3840036812D /* CityViewModel */,
				CE70BA432C5A93ED0036812D /* Utils */,
				CE4A55A22C59A9120092B043 /* Services */,
				CE4A559F2C59A7730092B043 /* Model */,
				CEF08A132C5862F1009C057A /* ContentView.swift */,
				CEF08A152C5862F1009C057A /* Item.swift */,
				CEF08A172C5862F3009C057A /* Assets.xcassets */,
				CEF08A192C5862F3009C057A /* Preview Content */,
			);
			path = CityLocator;
			sourceTree = "<group>";
		};
		CEF08A192C5862F3009C057A /* Preview Content */ = {
			isa = PBXGroup;
			children = (
				CEF08A1A2C5862F3009C057A /* Preview Assets.xcassets */,
			);
			path = "Preview Content";
			sourceTree = "<group>";
		};
/* End PBXGroup section */

/* Begin PBXNativeTarget section */
		CEF08A0D2C5862F1009C057A /* CityLocator */ = {
			isa = PBXNativeTarget;
			buildConfigurationList = CEF08A1E2C5862F3009C057A /* Build configuration list for PBXNativeTarget "CityLocator" */;
			buildPhases = (
				CEF08A0A2C5862F1009C057A /* Sources */,
				CEF08A0B2C5862F1009C057A /* Frameworks */,
				CEF08A0C2C5862F1009C057A /* Resources */,
			);
			buildRules = (
			);
			dependencies = (
			);
			name = CityLocator;
			productName = CityLocator;
			productReference = CEF08A0E2C5862F1009C057A /* CityLocator.app */;
			productType = "com.apple.product-type.application";
		};
/* End PBXNativeTarget section */

/* Begin PBXProject section */
		CEF08A062C5862F1009C057A /* Project object */ = {
			isa = PBXProject;
			attributes = {
				BuildIndependentTargetsInParallel = 1;
				LastSwiftUpdateCheck = 1520;
				LastUpgradeCheck = 1520;
				TargetAttributes = {
					CEF08A0D2C5862F1009C057A = {
						CreatedOnToolsVersion = 15.2;
					};
				};
			};
			buildConfigurationList = CEF08A092C5862F1009C057A /* Build configuration list for PBXProject "CityLocator" */;
			compatibilityVersion = "Xcode 14.0";
			developmentRegion = en;
			hasScannedForEncodings = 0;
			knownRegions = (
				en,
				Base,
			);
			mainGroup = CEF08A052C5862F1009C057A;
			productRefGroup = CEF08A0F2C5862F1009C057A /* Products */;
			projectDirPath = "";
			projectRoot = "";
			targets = (
				CEF08A0D2C5862F1009C057A /* CityLocator */,
			);
		};
/* End PBXProject section */

/* Begin PBXResourcesBuildPhase section */
		CEF08A0C2C5862F1009C057A /* Resources */ = {
			isa = PBXResourcesBuildPhase;
			buildActionMask = 2147483647;
			files = (
				CEF08A1B2C5862F3009C057A /* Preview Assets.xcassets in Resources */,
				CEF08A182C5862F3009C057A /* Assets.xcassets in Resources */,
			);
			runOnlyForDeploymentPostprocessing = 0;
		};
/* End PBXResourcesBuildPhase section */

/* Begin PBXSourcesBuildPhase section */
		CEF08A0A2C5862F1009C057A /* Sources */ = {
			isa = PBXSourcesBuildPhase;
			buildActionMask = 2147483647;
			files = (
				CE4A55A42C59A9690092B043 /* CityService.swift in Sources */,
				CE4A55A12C59A80A0092B043 /* CityModel.swift in Sources */,
				CE421D222C5AF95C002178C2 /* CityMapView.swift in Sources */,
				CEF08A142C5862F1009C057A /* ContentView.swift in Sources */,
				CE421D1F2C5AF3E0002178C2 /* PreviewData.swift in Sources */,
				CE421D252C5C3A87002178C2 /* CityViewConstants.swift in Sources */,
				CE70BA4A2C5AB42E0036812D /* CityViewModel.swift in Sources */,
				CE421D1D2C5AF137002178C2 /* CityDetailView.swift in Sources */,
				CE70BA472C5A96C80036812D /* URLs.swift in Sources */,
				CEF08A162C5862F1009C057A /* Item.swift in Sources */,
				CE421D1A2C5AEFAD002178C2 /* CityListView.swift in Sources */,
				CEF08A122C5862F1009C057A /* CityLocatorApp.swift in Sources */,
				CE70BA452C5A94610036812D /* Constants.swift in Sources */,
			);
			runOnlyForDeploymentPostprocessing = 0;
		};
/* End PBXSourcesBuildPhase section */

/* Begin XCBuildConfiguration section */
		CEF08A1C2C5862F3009C057A /* Debug */ = {
			isa = XCBuildConfiguration;
			buildSettings = {
				ALWAYS_SEARCH_USER_PATHS = NO;
				ASSETCATALOG_COMPILER_GENERATE_SWIFT_ASSET_SYMBOL_EXTENSIONS = YES;
				CLANG_ANALYZER_NONNULL = YES;
				CLANG_ANALYZER_NUMBER_OBJECT_CONVERSION = YES_AGGRESSIVE;
				CLANG_CXX_LANGUAGE_STANDARD = "gnu++20";
				CLANG_ENABLE_MODULES = YES;
				CLANG_ENABLE_OBJC_ARC = YES;
				CLANG_ENABLE_OBJC_WEAK = YES;
				CLANG_WARN_BLOCK_CAPTURE_AUTORELEASING = YES;
				CLANG_WARN_BOOL_CONVERSION = YES;
				CLANG_WARN_COMMA = YES;
				CLANG_WARN_CONSTANT_CONVERSION = YES;
				CLANG_WARN_DEPRECATED_OBJC_IMPLEMENTATIONS = YES;
				CLANG_WARN_DIRECT_OBJC_ISA_USAGE = YES_ERROR;
				CLANG_WARN_DOCUMENTATION_COMMENTS = YES;
				CLANG_WARN_EMPTY_BODY = YES;
				CLANG_WARN_ENUM_CONVERSION = YES;
				CLANG_WARN_INFINITE_RECURSION = YES;
				CLANG_WARN_INT_CONVERSION = YES;
				CLANG_WARN_NON_LITERAL_NULL_CONVERSION = YES;
				CLANG_WARN_OBJC_IMPLICIT_RETAIN_SELF = YES;
				CLANG_WARN_OBJC_LITERAL_CONVERSION = YES;
				CLANG_WARN_OBJC_ROOT_CLASS = YES_ERROR;
				CLANG_WARN_QUOTED_INCLUDE_IN_FRAMEWORK_HEADER = YES;
				CLANG_WARN_RANGE_LOOP_ANALYSIS = YES;
				CLANG_WARN_STRICT_PROTOTYPES = YES;
				CLANG_WARN_SUSPICIOUS_MOVE = YES;
				CLANG_WARN_UNGUARDED_AVAILABILITY = YES_AGGRESSIVE;
				CLANG_WARN_UNREACHABLE_CODE = YES;
				CLANG_WARN__DUPLICATE_METHOD_MATCH = YES;
				COPY_PHASE_STRIP = NO;
				DEBUG_INFORMATION_FORMAT = dwarf;
				ENABLE_STRICT_OBJC_MSGSEND = YES;
				ENABLE_TESTABILITY = YES;
				ENABLE_USER_SCRIPT_SANDBOXING = YES;
				GCC_C_LANGUAGE_STANDARD = gnu17;
				GCC_DYNAMIC_NO_PIC = NO;
				GCC_NO_COMMON_BLOCKS = YES;
				GCC_OPTIMIZATION_LEVEL = 0;
				GCC_PREPROCESSOR_DEFINITIONS = (
					"DEBUG=1",
					"$(inherited)",
				);
				GCC_WARN_64_TO_32_BIT_CONVERSION = YES;
				GCC_WARN_ABOUT_RETURN_TYPE = YES_ERROR;
				GCC_WARN_UNDECLARED_SELECTOR = YES;
				GCC_WARN_UNINITIALIZED_AUTOS = YES_AGGRESSIVE;
				GCC_WARN_UNUSED_FUNCTION = YES;
				GCC_WARN_UNUSED_VARIABLE = YES;
				IPHONEOS_DEPLOYMENT_TARGET = 17.2;
				LOCALIZATION_PREFERS_STRING_CATALOGS = YES;
				MTL_ENABLE_DEBUG_INFO = INCLUDE_SOURCE;
				MTL_FAST_MATH = YES;
				ONLY_ACTIVE_ARCH = YES;
				SDKROOT = iphoneos;
				SWIFT_ACTIVE_COMPILATION_CONDITIONS = "DEBUG $(inherited)";
				SWIFT_OPTIMIZATION_LEVEL = "-Onone";
			};
			name = Debug;
		};
		CEF08A1D2C5862F3009C057A /* Release */ = {
			isa = XCBuildConfiguration;
			buildSettings = {
				ALWAYS_SEARCH_USER_PATHS = NO;
				ASSETCATALOG_COMPILER_GENERATE_SWIFT_ASSET_SYMBOL_EXTENSIONS = YES;
				CLANG_ANALYZER_NONNULL = YES;
				CLANG_ANALYZER_NUMBER_OBJECT_CONVERSION = YES_AGGRESSIVE;
				CLANG_CXX_LANGUAGE_STANDARD = "gnu++20";
				CLANG_ENABLE_MODULES = YES;
				CLANG_ENABLE_OBJC_ARC = YES;
				CLANG_ENABLE_OBJC_WEAK = YES;
				CLANG_WARN_BLOCK_CAPTURE_AUTORELEASING = YES;
				CLANG_WARN_BOOL_CONVERSION = YES;
				CLANG_WARN_COMMA = YES;
				CLANG_WARN_CONSTANT_CONVERSION = YES;
				CLANG_WARN_DEPRECATED_OBJC_IMPLEMENTATIONS = YES;
				CLANG_WARN_DIRECT_OBJC_ISA_USAGE = YES_ERROR;
				CLANG_WARN_DOCUMENTATION_COMMENTS = YES;
				CLANG_WARN_EMPTY_BODY = YES;
				CLANG_WARN_ENUM_CONVERSION = YES;
				CLANG_WARN_INFINITE_RECURSION = YES;
				CLANG_WARN_INT_CONVERSION = YES;
				CLANG_WARN_NON_LITERAL_NULL_CONVERSION = YES;
				CLANG_WARN_OBJC_IMPLICIT_RETAIN_SELF = YES;
				CLANG_WARN_OBJC_LITERAL_CONVERSION = YES;
				CLANG_WARN_OBJC_ROOT_CLASS = YES_ERROR;
				CLANG_WARN_QUOTED_INCLUDE_IN_FRAMEWORK_HEADER = YES;
				CLANG_WARN_RANGE_LOOP_ANALYSIS = YES;
				CLANG_WARN_STRICT_PROTOTYPES = YES;
				CLANG_WARN_SUSPICIOUS_MOVE = YES;
				CLANG_WARN_UNGUARDED_AVAILABILITY = YES_AGGRESSIVE;
				CLANG_WARN_UNREACHABLE_CODE = YES;
				CLANG_WARN__DUPLICATE_METHOD_MATCH = YES;
				COPY_PHASE_STRIP = NO;
				DEBUG_INFORMATION_FORMAT = "dwarf-with-dsym";
				ENABLE_NS_ASSERTIONS = NO;
				ENABLE_STRICT_OBJC_MSGSEND = YES;
				ENABLE_USER_SCRIPT_SANDBOXING = YES;
				GCC_C_LANGUAGE_STANDARD = gnu17;
				GCC_NO_COMMON_BLOCKS = YES;
				GCC_WARN_64_TO_32_BIT_CONVERSION = YES;
				GCC_WARN_ABOUT_RETURN_TYPE = YES_ERROR;
				GCC_WARN_UNDECLARED_SELECTOR = YES;
				GCC_WARN_UNINITIALIZED_AUTOS = YES_AGGRESSIVE;
				GCC_WARN_UNUSED_FUNCTION = YES;
				GCC_WARN_UNUSED_VARIABLE = YES;
				IPHONEOS_DEPLOYMENT_TARGET = 17.2;
				LOCALIZATION_PREFERS_STRING_CATALOGS = YES;
				MTL_ENABLE_DEBUG_INFO = NO;
				MTL_FAST_MATH = YES;
				SDKROOT = iphoneos;
				SWIFT_COMPILATION_MODE = wholemodule;
				VALIDATE_PRODUCT = YES;
			};
			name = Release;
		};
		CEF08A1F2C5862F3009C057A /* Debug */ = {
			isa = XCBuildConfiguration;
			buildSettings = {
				ASSETCATALOG_COMPILER_APPICON_NAME = AppIcon;
				ASSETCATALOG_COMPILER_GLOBAL_ACCENT_COLOR_NAME = AccentColor;
				CODE_SIGN_STYLE = Automatic;
				CURRENT_PROJECT_VERSION = 1;
				DEVELOPMENT_ASSET_PATHS = "\"CityLocator/Preview Content\"";
				ENABLE_PREVIEWS = YES;
				GENERATE_INFOPLIST_FILE = YES;
				INFOPLIST_KEY_UIApplicationSceneManifest_Generation = YES;
				INFOPLIST_KEY_UIApplicationSupportsIndirectInputEvents = YES;
				INFOPLIST_KEY_UILaunchScreen_Generation = YES;
				INFOPLIST_KEY_UISupportedInterfaceOrientations_iPad = "UIInterfaceOrientationPortrait UIInterfaceOrientationPortraitUpsideDown UIInterfaceOrientationLandscapeLeft UIInterfaceOrientationLandscapeRight";
				INFOPLIST_KEY_UISupportedInterfaceOrientations_iPhone = "UIInterfaceOrientationPortrait UIInterfaceOrientationLandscapeLeft UIInterfaceOrientationLandscapeRight";
				LD_RUNPATH_SEARCH_PATHS = (
					"$(inherited)",
					"@executable_path/Frameworks",
				);
				MARKETING_VERSION = 1.0;
				PRODUCT_BUNDLE_IDENTIFIER = com.IvanAlexValero.CityLocator;
				PRODUCT_NAME = "$(TARGET_NAME)";
				SWIFT_EMIT_LOC_STRINGS = YES;
				SWIFT_VERSION = 5.0;
				TARGETED_DEVICE_FAMILY = "1,2";
			};
			name = Debug;
		};
		CEF08A202C5862F3009C057A /* Release */ = {
			isa = XCBuildConfiguration;
			buildSettings = {
				ASSETCATALOG_COMPILER_APPICON_NAME = AppIcon;
				ASSETCATALOG_COMPILER_GLOBAL_ACCENT_COLOR_NAME = AccentColor;
				CODE_SIGN_STYLE = Automatic;
				CURRENT_PROJECT_VERSION = 1;
				DEVELOPMENT_ASSET_PATHS = "\"CityLocator/Preview Content\"";
				ENABLE_PREVIEWS = YES;
				GENERATE_INFOPLIST_FILE = YES;
				INFOPLIST_KEY_UIApplicationSceneManifest_Generation = YES;
				INFOPLIST_KEY_UIApplicationSupportsIndirectInputEvents = YES;
				INFOPLIST_KEY_UILaunchScreen_Generation = YES;
				INFOPLIST_KEY_UISupportedInterfaceOrientations_iPad = "UIInterfaceOrientationPortrait UIInterfaceOrientationPortraitUpsideDown UIInterfaceOrientationLandscapeLeft UIInterfaceOrientationLandscapeRight";
				INFOPLIST_KEY_UISupportedInterfaceOrientations_iPhone = "UIInterfaceOrientationPortrait UIInterfaceOrientationLandscapeLeft UIInterfaceOrientationLandscapeRight";
				LD_RUNPATH_SEARCH_PATHS = (
					"$(inherited)",
					"@executable_path/Frameworks",
				);
				MARKETING_VERSION = 1.0;
				PRODUCT_BUNDLE_IDENTIFIER = com.IvanAlexValero.CityLocator;
				PRODUCT_NAME = "$(TARGET_NAME)";
				SWIFT_EMIT_LOC_STRINGS = YES;
				SWIFT_VERSION = 5.0;
				TARGETED_DEVICE_FAMILY = "1,2";
			};
			name = Release;
		};
/* End XCBuildConfiguration section */

/* Begin XCConfigurationList section */
		CEF08A092C5862F1009C057A /* Build configuration list for PBXProject "CityLocator" */ = {
			isa = XCConfigurationList;
			buildConfigurations = (
				CEF08A1C2C5862F3009C057A /* Debug */,
				CEF08A1D2C5862F3009C057A /* Release */,
			);
			defaultConfigurationIsVisible = 0;
			defaultConfigurationName = Release;
		};
		CEF08A1E2C5862F3009C057A /* Build configuration list for PBXNativeTarget "CityLocator" */ = {
			isa = XCConfigurationList;
			buildConfigurations = (
				CEF08A1F2C5862F3009C057A /* Debug */,
				CEF08A202C5862F3009C057A /* Release */,
			);
			defaultConfigurationIsVisible = 0;
			defaultConfigurationName = Release;
		};
/* End XCConfigurationList section */
	};
	rootObject = CEF08A062C5862F1009C057A /* Project object */;
}
